
Microsoft Visual Studio Solution File, Format Version 12.00
Project("{FAE04EC0-301F-11D3-BF4B-00C04F79EFBC}") = "OrmLite.AliasBindingIssue", "OrmLite.AliasBindingIssue.csproj", "{EC3C99F2-2DA9-472B-9E53-05C318C266D6}"
EndProject
Global
	GlobalSection(SolutionConfigurationPlatforms) = preSolution
		Debug|Any CPU = Debug|Any CPU
		Release|Any CPU = Release|Any CPU
	EndGlobalSection
	GlobalSection(ProjectConfigurationPlatforms) = postSolution
		{EC3C99F2-2DA9-472B-9E53-05C318C266D6}.Debug|Any CPU.ActiveCfg = Debug|Any CPU
		{EC3C99F2-2DA9-472B-9E53-05C318C266D6}.Debug|Any CPU.Build.0 = Debug|Any CPU
		{EC3C99F2-2DA9-472B-9E53-05C318C266D6}.Release|Any CPU.ActiveCfg = Release|Any CPU
		{EC3C99F2-2DA9-472B-9E53-05C318C266D6}.Release|Any CPU.Build.0 = Release|Any CPU
	EndGlobalSection
EndGlobal
